
Microsoft Visual Studio Solution File, Format Version 12.00
Project("{2150E333-8FDC-42A3-9474-1A3956D46DE8}") = "tests", "tests", "{81EF608C-1BD4-4180-A751-714F611AC8CE}"
EndProject
Project("{FAE04EC0-301F-11D3-BF4B-00C04F79EFBC}") = "RechnerTests", "RechnerTests\RechnerTests.csproj", "{BFDE4158-D5CC-479A-B523-34B2F46E7576}"
EndProject
Global
	GlobalSection(SolutionConfigurationPlatforms) = preSolution
		Debug|Any CPU = Debug|Any CPU
		Release|Any CPU = Release|Any CPU
	EndGlobalSection
	GlobalSection(NestedProjects) = preSolution
		{BFDE4158-D5CC-479A-B523-34B2F46E7576} = {81EF608C-1BD4-4180-A751-714F611AC8CE}
	EndGlobalSection
	GlobalSection(ProjectConfigurationPlatforms) = postSolution
		{BFDE4158-D5CC-479A-B523-34B2F46E7576}.Debug|Any CPU.ActiveCfg = Debug|Any CPU
		{BFDE4158-D5CC-479A-B523-34B2F46E7576}.Debug|Any CPU.Build.0 = Debug|Any CPU
		{BFDE4158-D5CC-479A-B523-34B2F46E7576}.Release|Any CPU.ActiveCfg = Release|Any CPU
		{BFDE4158-D5CC-479A-B523-34B2F46E7576}.Release|Any CPU.Build.0 = Release|Any CPU
	EndGlobalSection
EndGlobal
